
Microsoft Visual Studio Solution File, Format Version 12.00
# Visual Studio Version 17
VisualStudioVersion = 17.1.32328.378
MinimumVisualStudioVersion = 10.0.40219.1
Project("{9A19103F-16F7-4668-BE54-9A1E7A4F7556}") = "AlertMap", "AlertMap\AlertMap.csproj", "{64D63138-7229-4B09-822C-0014DECEE6BF}"
EndProject
Global
	GlobalSection(SolutionConfigurationPlatforms) = preSolution
		Debug|Any CPU = Debug|Any CPU
		Release|Any CPU = Release|Any CPU
	EndGlobalSection
	GlobalSection(ProjectConfigurationPlatforms) = postSolution
		{64D63138-7229-4B09-822C-0014DECEE6BF}.Debug|Any CPU.ActiveCfg = Debug|Any CPU
		{64D63138-7229-4B09-822C-0014DECEE6BF}.Debug|Any CPU.Build.0 = Debug|Any CPU
		{64D63138-7229-4B09-822C-0014DECEE6BF}.Release|Any CPU.ActiveCfg = Release|Any CPU
		{64D63138-7229-4B09-822C-0014DECEE6BF}.Release|Any CPU.Build.0 = Release|Any CPU
	EndGlobalSection
	GlobalSection(SolutionProperties) = preSolution
		HideSolutionNode = FALSE
	EndGlobalSection
	GlobalSection(ExtensibilityGlobals) = postSolution
		SolutionGuid = {31D1870E-105D-423F-B4B2-7A7BB11CF597}
	EndGlobalSection
EndGlobal
